
Microsoft Visual Studio Solution File, Format Version 12.00
# Visual Studio 14
VisualStudioVersion = 14.0.25420.1
MinimumVisualStudioVersion = 10.0.40219.1
Project("{FAE04EC0-301F-11D3-BF4B-00C04F79EFBC}") = "Loja.Dominio", "Loja.Dominio\Loja.Dominio.csproj", "{34A704E2-F297-4DEB-B63E-4885ADD12588}"
EndProject
Project("{FAE04EC0-301F-11D3-BF4B-00C04F79EFBC}") = "Loja.Mvc", "Loja.Mvc\Loja.Mvc.csproj", "{11C4C6D2-5C34-41BA-9F2A-1F5643088DC9}"
EndProject
Project("{FAE04EC0-301F-11D3-BF4B-00C04F79EFBC}") = "Loja.Repositorios.SqlServer.EF", "Loja.Repositorios.SqlServer.EF\Loja.Repositorios.SqlServer.EF.csproj", "{3CF1E0B2-8B77-4989-A55F-F79679840979}"
EndProject
Project("{2150E333-8FDC-42A3-9474-1A3956D46DE8}") = "Loja", "Loja", "{20BF9DBB-FEB2-4D5F-A5F8-25D72F304B0E}"
EndProject
Project("{2150E333-8FDC-42A3-9474-1A3956D46DE8}") = "Empresa", "Empresa", "{ECEE97E5-7707-4B5D-88BE-15E22395083D}"
EndProject
Project("{8BB2217D-0F2D-49D1-97BC-3654ED321F3B}") = "Empresa.Dominio", "Empresa.Dominio\Empresa.Dominio.xproj", "{24198219-0EEB-4979-952D-B6E683FA815D}"
EndProject
Project("{8BB2217D-0F2D-49D1-97BC-3654ED321F3B}") = "Empresa.Repositorios.SqlServer", "Empresa.Repositorios.SqlServer\Empresa.Repositorios.SqlServer.xproj", "{C22F2932-8C59-4F77-A4C2-F8CCE6D27BB5}"
EndProject
Project("{8BB2217D-0F2D-49D1-97BC-3654ED321F3B}") = "Empresa.Mvc", "Empresa.Mvc\Empresa.Mvc.xproj", "{23C35B87-B401-4547-8057-59C8A15C7F6B}"
EndProject
Global
	GlobalSection(SolutionConfigurationPlatforms) = preSolution
		Debug|Any CPU = Debug|Any CPU
		Release|Any CPU = Release|Any CPU
	EndGlobalSection
	GlobalSection(ProjectConfigurationPlatforms) = postSolution
		{34A704E2-F297-4DEB-B63E-4885ADD12588}.Debug|Any CPU.ActiveCfg = Debug|Any CPU
		{34A704E2-F297-4DEB-B63E-4885ADD12588}.Debug|Any CPU.Build.0 = Debug|Any CPU
		{34A704E2-F297-4DEB-B63E-4885ADD12588}.Release|Any CPU.ActiveCfg = Release|Any CPU
		{34A704E2-F297-4DEB-B63E-4885ADD12588}.Release|Any CPU.Build.0 = Release|Any CPU
		{11C4C6D2-5C34-41BA-9F2A-1F5643088DC9}.Debug|Any CPU.ActiveCfg = Debug|Any CPU
		{11C4C6D2-5C34-41BA-9F2A-1F5643088DC9}.Debug|Any CPU.Build.0 = Debug|Any CPU
		{11C4C6D2-5C34-41BA-9F2A-1F5643088DC9}.Release|Any CPU.ActiveCfg = Release|Any CPU
		{11C4C6D2-5C34-41BA-9F2A-1F5643088DC9}.Release|Any CPU.Build.0 = Release|Any CPU
		{3CF1E0B2-8B77-4989-A55F-F79679840979}.Debug|Any CPU.ActiveCfg = Debug|Any CPU
		{3CF1E0B2-8B77-4989-A55F-F79679840979}.Debug|Any CPU.Build.0 = Debug|Any CPU
		{3CF1E0B2-8B77-4989-A55F-F79679840979}.Release|Any CPU.ActiveCfg = Release|Any CPU
		{3CF1E0B2-8B77-4989-A55F-F79679840979}.Release|Any CPU.Build.0 = Release|Any CPU
		{24198219-0EEB-4979-952D-B6E683FA815D}.Debug|Any CPU.ActiveCfg = Debug|Any CPU
		{24198219-0EEB-4979-952D-B6E683FA815D}.Debug|Any CPU.Build.0 = Debug|Any CPU
		{24198219-0EEB-4979-952D-B6E683FA815D}.Release|Any CPU.ActiveCfg = Release|Any CPU
		{24198219-0EEB-4979-952D-B6E683FA815D}.Release|Any CPU.Build.0 = Release|Any CPU
		{C22F2932-8C59-4F77-A4C2-F8CCE6D27BB5}.Debug|Any CPU.ActiveCfg = Debug|Any CPU
		{C22F2932-8C59-4F77-A4C2-F8CCE6D27BB5}.Debug|Any CPU.Build.0 = Debug|Any CPU
		{C22F2932-8C59-4F77-A4C2-F8CCE6D27BB5}.Release|Any CPU.ActiveCfg = Release|Any CPU
		{C22F2932-8C59-4F77-A4C2-F8CCE6D27BB5}.Release|Any CPU.Build.0 = Release|Any CPU
		{23C35B87-B401-4547-8057-59C8A15C7F6B}.Debug|Any CPU.ActiveCfg = Debug|Any CPU
		{23C35B87-B401-4547-8057-59C8A15C7F6B}.Debug|Any CPU.Build.0 = Debug|Any CPU
		{23C35B87-B401-4547-8057-59C8A15C7F6B}.Release|Any CPU.ActiveCfg = Release|Any CPU
		{23C35B87-B401-4547-8057-59C8A15C7F6B}.Release|Any CPU.Build.0 = Release|Any CPU
	EndGlobalSection
	GlobalSection(SolutionProperties) = preSolution
		HideSolutionNode = FALSE
	EndGlobalSection
	GlobalSection(NestedProjects) = preSolution
		{34A704E2-F297-4DEB-B63E-4885ADD12588} = {20BF9DBB-FEB2-4D5F-A5F8-25D72F304B0E}
		{11C4C6D2-5C34-41BA-9F2A-1F5643088DC9} = {20BF9DBB-FEB2-4D5F-A5F8-25D72F304B0E}
		{3CF1E0B2-8B77-4989-A55F-F79679840979} = {20BF9DBB-FEB2-4D5F-A5F8-25D72F304B0E}
		{24198219-0EEB-4979-952D-B6E683FA815D} = {ECEE97E5-7707-4B5D-88BE-15E22395083D}
		{C22F2932-8C59-4F77-A4C2-F8CCE6D27BB5} = {ECEE97E5-7707-4B5D-88BE-15E22395083D}
		{23C35B87-B401-4547-8057-59C8A15C7F6B} = {ECEE97E5-7707-4B5D-88BE-15E22395083D}
	EndGlobalSection
EndGlobal
